// !$*UTF8*$!
{
	archiveVersion = 1;
	classes = {
	};
	objectVersion = 48;
	objects = {

/* Begin PBXBuildFile section */
		3F6A50DB202ED58300ED0E26 /* Main.storyboard in Resources */ = {isa = PBXBuildFile; fileRef = 3FCE40AD2022B01100D18843 /* Main.storyboard */; };
		3F6A50DC202ED81700ED0E26 /* Assets.xcassets in Resources */ = {isa = PBXBuildFile; fileRef = 3FCE40B02022B01100D18843 /* Assets.xcassets */; };
		3F6A50DE202EF3B800ED0E26 /* CartViewController.swift in Sources */ = {isa = PBXBuildFile; fileRef = 3F6A50DD202EF3B800ED0E26 /* CartViewController.swift */; };
		3F6A50E0202F9AC700ED0E26 /* ProfileViewController.swift in Sources */ = {isa = PBXBuildFile; fileRef = 3F6A50DF202F9AC700ED0E26 /* ProfileViewController.swift */; };
		3F6A50E2202F9AF200ED0E26 /* HomeViewController.swift in Sources */ = {isa = PBXBuildFile; fileRef = 3F6A50E1202F9AF200ED0E26 /* HomeViewController.swift */; };
		3F6A50E6203157C200ED0E26 /* Users.swift in Sources */ = {isa = PBXBuildFile; fileRef = 3F6A50E5203157C200ED0E26 /* Users.swift */; };
		3FCE40A82022B01100D18843 /* AppDelegate.swift in Sources */ = {isa = PBXBuildFile; fileRef = 3FCE40A72022B01100D18843 /* AppDelegate.swift */; };
		3FCE40B42022B01100D18843 /* LaunchScreen.storyboard in Resources */ = {isa = PBXBuildFile; fileRef = 3FCE40B22022B01100D18843 /* LaunchScreen.storyboard */; };
		3FCE40BC2022B23100D18843 /* MenuTableViewController.swift in Sources */ = {isa = PBXBuildFile; fileRef = 3FCE40BB2022B23100D18843 /* MenuTableViewController.swift */; };
		3FCE40BE2022B2CB00D18843 /* Data.swift in Sources */ = {isa = PBXBuildFile; fileRef = 3FCE40BD2022B2CB00D18843 /* Data.swift */; };
		3FCE40C02022B7B000D18843 /* ItemDetailsViewController.swift in Sources */ = {isa = PBXBuildFile; fileRef = 3FCE40BF2022B7B000D18843 /* ItemDetailsViewController.swift */; };
		3FCE40C22022BA1500D18843 /* MenuItemTableViewCell.swift in Sources */ = {isa = PBXBuildFile; fileRef = 3FCE40C12022BA1500D18843 /* MenuItemTableViewCell.swift */; };
		3FCE40C42022CB8B00D18843 /* LoginViewController.swift in Sources */ = {isa = PBXBuildFile; fileRef = 3FCE40C32022CB8B00D18843 /* LoginViewController.swift */; };
		3FCE40C62022CBB000D18843 /* SignUpViewController.swift in Sources */ = {isa = PBXBuildFile; fileRef = 3FCE40C52022CBB000D18843 /* SignUpViewController.swift */; };
		3FCE40C82022CBD000D18843 /* CheckoutViewController.swift in Sources */ = {isa = PBXBuildFile; fileRef = 3FCE40C72022CBD000D18843 /* CheckoutViewController.swift */; };
		3FCE40CC2022CEA000D18843 /* CartTableViewController.swift in Sources */ = {isa = PBXBuildFile; fileRef = 3FCE40CB2022CEA000D18843 /* CartTableViewController.swift */; };
		3FCE40CE2022DAEE00D18843 /* CartTableViewCell.swift in Sources */ = {isa = PBXBuildFile; fileRef = 3FCE40CD2022DAEE00D18843 /* CartTableViewCell.swift */; };
		3FCFC7CEB124C682E3275839 /* Pods_SimplySiamApplication.framework in Frameworks */ = {isa = PBXBuildFile; fileRef = 65F107B5C91F26793DB6AAD2 /* Pods_SimplySiamApplication.framework */; };
		3FE214C22026722F002E9B6A /* DatabaseManager.swift in Sources */ = {isa = PBXBuildFile; fileRef = 3FE214C12026722F002E9B6A /* DatabaseManager.swift */; };
		DFDCFBF42075B95B00FACCDA /* FeedbackViewController.swift in Sources */ = {isa = PBXBuildFile; fileRef = DFDCFBF32075B95B00FACCDA /* FeedbackViewController.swift */; };
/* End PBXBuildFile section */

/* Begin PBXFileReference section */
		3F6A50DD202EF3B800ED0E26 /* CartViewController.swift */ = {isa = PBXFileReference; lastKnownFileType = sourcecode.swift; path = CartViewController.swift; sourceTree = "<group>"; };
		3F6A50DF202F9AC700ED0E26 /* ProfileViewController.swift */ = {isa = PBXFileReference; lastKnownFileType = sourcecode.swift; path = ProfileViewController.swift; sourceTree = "<group>"; };
		3F6A50E1202F9AF200ED0E26 /* HomeViewController.swift */ = {isa = PBXFileReference; lastKnownFileType = sourcecode.swift; path = HomeViewController.swift; sourceTree = "<group>"; };
		3F6A50E5203157C200ED0E26 /* Users.swift */ = {isa = PBXFileReference; lastKnownFileType = sourcecode.swift; path = Users.swift; sourceTree = "<group>"; };
		3FCE40A42022B01100D18843 /* SimplySiamApplication.app */ = {isa = PBXFileReference; explicitFileType = wrapper.application; includeInIndex = 0; path = SimplySiamApplication.app; sourceTree = BUILT_PRODUCTS_DIR; };
		3FCE40A72022B01100D18843 /* AppDelegate.swift */ = {isa = PBXFileReference; lastKnownFileType = sourcecode.swift; path = AppDelegate.swift; sourceTree = "<group>"; };
		3FCE40AE2022B01100D18843 /* Base */ = {isa = PBXFileReference; lastKnownFileType = file.storyboard; name = Base; path = Base.lproj/Main.storyboard; sourceTree = "<group>"; };
		3FCE40B02022B01100D18843 /* Assets.xcassets */ = {isa = PBXFileReference; lastKnownFileType = folder.assetcatalog; path = Assets.xcassets; sourceTree = "<group>"; };
		3FCE40B32022B01100D18843 /* Base */ = {isa = PBXFileReference; lastKnownFileType = file.storyboard; name = Base; path = Base.lproj/LaunchScreen.storyboard; sourceTree = "<group>"; };
		3FCE40B52022B01100D18843 /* Info.plist */ = {isa = PBXFileReference; lastKnownFileType = text.plist.xml; path = Info.plist; sourceTree = "<group>"; };
		3FCE40BB2022B23100D18843 /* MenuTableViewController.swift */ = {isa = PBXFileReference; lastKnownFileType = sourcecode.swift; path = MenuTableViewController.swift; sourceTree = "<group>"; };
		3FCE40BD2022B2CB00D18843 /* Data.swift */ = {isa = PBXFileReference; lastKnownFileType = sourcecode.swift; path = Data.swift; sourceTree = "<group>"; };
		3FCE40BF2022B7B000D18843 /* ItemDetailsViewController.swift */ = {isa = PBXFileReference; lastKnownFileType = sourcecode.swift; path = ItemDetailsViewController.swift; sourceTree = "<group>"; };
		3FCE40C12022BA1500D18843 /* MenuItemTableViewCell.swift */ = {isa = PBXFileReference; lastKnownFileType = sourcecode.swift; path = MenuItemTableViewCell.swift; sourceTree = "<group>"; };
		3FCE40C32022CB8B00D18843 /* LoginViewController.swift */ = {isa = PBXFileReference; lastKnownFileType = sourcecode.swift; path = LoginViewController.swift; sourceTree = "<group>"; };
		3FCE40C52022CBB000D18843 /* SignUpViewController.swift */ = {isa = PBXFileReference; lastKnownFileType = sourcecode.swift; path = SignUpViewController.swift; sourceTree = "<group>"; };
		3FCE40C72022CBD000D18843 /* CheckoutViewController.swift */ = {isa = PBXFileReference; lastKnownFileType = sourcecode.swift; path = CheckoutViewController.swift; sourceTree = "<group>"; };
		3FCE40CB2022CEA000D18843 /* CartTableViewController.swift */ = {isa = PBXFileReference; lastKnownFileType = sourcecode.swift; path = CartTableViewController.swift; sourceTree = "<group>"; };
		3FCE40CD2022DAEE00D18843 /* CartTableViewCell.swift */ = {isa = PBXFileReference; lastKnownFileType = sourcecode.swift; path = CartTableViewCell.swift; sourceTree = "<group>"; };
		3FE214C12026722F002E9B6A /* DatabaseManager.swift */ = {isa = PBXFileReference; lastKnownFileType = sourcecode.swift; path = DatabaseManager.swift; sourceTree = "<group>"; };
		65F107B5C91F26793DB6AAD2 /* Pods_SimplySiamApplication.framework */ = {isa = PBXFileReference; explicitFileType = wrapper.framework; includeInIndex = 0; path = Pods_SimplySiamApplication.framework; sourceTree = BUILT_PRODUCTS_DIR; };
		C6678B9D3428D8A5FC92C760 /* Pods-SimplySiamApplication.debug.xcconfig */ = {isa = PBXFileReference; includeInIndex = 1; lastKnownFileType = text.xcconfig; name = "Pods-SimplySiamApplication.debug.xcconfig"; path = "Pods/Target Support Files/Pods-SimplySiamApplication/Pods-SimplySiamApplication.debug.xcconfig"; sourceTree = "<group>"; };
		D24559B3C71D2129F9B360E6 /* Pods-SimplySiamApplication.release.xcconfig */ = {isa = PBXFileReference; includeInIndex = 1; lastKnownFileType = text.xcconfig; name = "Pods-SimplySiamApplication.release.xcconfig"; path = "Pods/Target Support Files/Pods-SimplySiamApplication/Pods-SimplySiamApplication.release.xcconfig"; sourceTree = "<group>"; };
		DFDCFBF32075B95B00FACCDA /* FeedbackViewController.swift */ = {isa = PBXFileReference; lastKnownFileType = sourcecode.swift; path = FeedbackViewController.swift; sourceTree = "<group>"; };
/* End PBXFileReference section */

/* Begin PBXFrameworksBuildPhase section */
		3FCE40A12022B01100D18843 /* Frameworks */ = {
			isa = PBXFrameworksBuildPhase;
			buildActionMask = 2147483647;
			files = (
				3FCFC7CEB124C682E3275839 /* Pods_SimplySiamApplication.framework in Frameworks */,
			);
			runOnlyForDeploymentPostprocessing = 0;
		};
/* End PBXFrameworksBuildPhase section */

/* Begin PBXGroup section */
		30E8CA3D2555D98723996D86 /* Pods */ = {
			isa = PBXGroup;
			children = (
				C6678B9D3428D8A5FC92C760 /* Pods-SimplySiamApplication.debug.xcconfig */,
				D24559B3C71D2129F9B360E6 /* Pods-SimplySiamApplication.release.xcconfig */,
			);
			name = Pods;
			sourceTree = "<group>";
		};
		3FCE409B2022B01100D18843 = {
			isa = PBXGroup;
			children = (
				3FCE40A62022B01100D18843 /* SimplySiamApplication */,
				3FCE40A52022B01100D18843 /* Products */,
				30E8CA3D2555D98723996D86 /* Pods */,
				B8EC2D3C9786C720F76F6395 /* Frameworks */,
			);
			sourceTree = "<group>";
		};
		3FCE40A52022B01100D18843 /* Products */ = {
			isa = PBXGroup;
			children = (
				3FCE40A42022B01100D18843 /* SimplySiamApplication.app */,
			);
			name = Products;
			sourceTree = "<group>";
		};
		3FCE40A62022B01100D18843 /* SimplySiamApplication */ = {
			isa = PBXGroup;
			children = (
				3FCE40A72022B01100D18843 /* AppDelegate.swift */,
				3FCE40C32022CB8B00D18843 /* LoginViewController.swift */,
				3FCE40C52022CBB000D18843 /* SignUpViewController.swift */,
				3FCE40BB2022B23100D18843 /* MenuTableViewController.swift */,
				3FCE40C12022BA1500D18843 /* MenuItemTableViewCell.swift */,
				3FCE40BF2022B7B000D18843 /* ItemDetailsViewController.swift */,
				3F6A50DD202EF3B800ED0E26 /* CartViewController.swift */,
				3FCE40CB2022CEA000D18843 /* CartTableViewController.swift */,
				3FCE40CD2022DAEE00D18843 /* CartTableViewCell.swift */,
				DFDCFBF32075B95B00FACCDA /* FeedbackViewController.swift */,
				3FCE40C72022CBD000D18843 /* CheckoutViewController.swift */,
				3F6A50DF202F9AC700ED0E26 /* ProfileViewController.swift */,
				3F6A50E1202F9AF200ED0E26 /* HomeViewController.swift */,
				3FCE40AD2022B01100D18843 /* Main.storyboard */,
				3FCE40B02022B01100D18843 /* Assets.xcassets */,
				3FCE40B22022B01100D18843 /* LaunchScreen.storyboard */,
				3FCE40B52022B01100D18843 /* Info.plist */,
				3FCE40BD2022B2CB00D18843 /* Data.swift */,
				3FE214C12026722F002E9B6A /* DatabaseManager.swift */,
				3F6A50E5203157C200ED0E26 /* Users.swift */,
			);
			path = SimplySiamApplication;
			sourceTree = "<group>";
		};
		B8EC2D3C9786C720F76F6395 /* Frameworks */ = {
			isa = PBXGroup;
			children = (
				65F107B5C91F26793DB6AAD2 /* Pods_SimplySiamApplication.framework */,
			);
			name = Frameworks;
			sourceTree = "<group>";
		};
/* End PBXGroup section */

/* Begin PBXNativeTarget section */
		3FCE40A32022B01100D18843 /* SimplySiamApplication */ = {
			isa = PBXNativeTarget;
			buildConfigurationList = 3FCE40B82022B01100D18843 /* Build configuration list for PBXNativeTarget "SimplySiamApplication" */;
			buildPhases = (
				C439EE8619ECE594528B7832 /* [CP] Check Pods Manifest.lock */,
				3FCE40A02022B01100D18843 /* Sources */,
				3FCE40A12022B01100D18843 /* Frameworks */,
				3FCE40A22022B01100D18843 /* Resources */,
				AA479A870E0090716C0EAA88 /* [CP] Embed Pods Frameworks */,
				6A7FB4A24F1193F9C0B44774 /* [CP] Copy Pods Resources */,
			);
			buildRules = (
			);
			dependencies = (
			);
			name = SimplySiamApplication;
			productName = SimplySiamApplication;
			productReference = 3FCE40A42022B01100D18843 /* SimplySiamApplication.app */;
			productType = "com.apple.product-type.application";
		};
/* End PBXNativeTarget section */

/* Begin PBXProject section */
		3FCE409C2022B01100D18843 /* Project object */ = {
			isa = PBXProject;
			attributes = {
				LastSwiftUpdateCheck = 0920;
				LastUpgradeCheck = 0920;
				ORGANIZATIONNAME = student;
				TargetAttributes = {
					3FCE40A32022B01100D18843 = {
						CreatedOnToolsVersion = 9.2;
						ProvisioningStyle = Automatic;
					};
				};
			};
			buildConfigurationList = 3FCE409F2022B01100D18843 /* Build configuration list for PBXProject "SimplySiamApplication" */;
			compatibilityVersion = "Xcode 8.0";
			developmentRegion = en;
			hasScannedForEncodings = 0;
			knownRegions = (
				en,
				Base,
			);
			mainGroup = 3FCE409B2022B01100D18843;
			productRefGroup = 3FCE40A52022B01100D18843 /* Products */;
			projectDirPath = "";
			projectRoot = "";
			targets = (
				3FCE40A32022B01100D18843 /* SimplySiamApplication */,
			);
		};
/* End PBXProject section */

/* Begin PBXResourcesBuildPhase section */
		3FCE40A22022B01100D18843 /* Resources */ = {
			isa = PBXResourcesBuildPhase;
			buildActionMask = 2147483647;
			files = (
				3F6A50DC202ED81700ED0E26 /* Assets.xcassets in Resources */,
				3FCE40B42022B01100D18843 /* LaunchScreen.storyboard in Resources */,
				3F6A50DB202ED58300ED0E26 /* Main.storyboard in Resources */,
			);
			runOnlyForDeploymentPostprocessing = 0;
		};
/* End PBXResourcesBuildPhase section */

/* Begin PBXShellScriptBuildPhase section */
		6A7FB4A24F1193F9C0B44774 /* [CP] Copy Pods Resources */ = {
			isa = PBXShellScriptBuildPhase;
			buildActionMask = 2147483647;
			files = (
			);
			inputPaths = (
			);
			name = "[CP] Copy Pods Resources";
			outputPaths = (
			);
			runOnlyForDeploymentPostprocessing = 0;
			shellPath = /bin/sh;
			shellScript = "\"${SRCROOT}/Pods/Target Support Files/Pods-SimplySiamApplication/Pods-SimplySiamApplication-resources.sh\"\n";
			showEnvVarsInLog = 0;
		};
		AA479A870E0090716C0EAA88 /* [CP] Embed Pods Frameworks */ = {
			isa = PBXShellScriptBuildPhase;
			buildActionMask = 2147483647;
			files = (
			);
			inputPaths = (
			);
			name = "[CP] Embed Pods Frameworks";
			outputPaths = (
			);
			runOnlyForDeploymentPostprocessing = 0;
			shellPath = /bin/sh;
			shellScript = "\"${SRCROOT}/Pods/Target Support Files/Pods-SimplySiamApplication/Pods-SimplySiamApplication-frameworks.sh\"\n";
			showEnvVarsInLog = 0;
		};
		C439EE8619ECE594528B7832 /* [CP] Check Pods Manifest.lock */ = {
			isa = PBXShellScriptBuildPhase;
			buildActionMask = 2147483647;
			files = (
			);
			inputPaths = (
				"${PODS_PODFILE_DIR_PATH}/Podfile.lock",
				"${PODS_ROOT}/Manifest.lock",
			);
			name = "[CP] Check Pods Manifest.lock";
			outputPaths = (
				"$(DERIVED_FILE_DIR)/Pods-SimplySiamApplication-checkManifestLockResult.txt",
			);
			runOnlyForDeploymentPostprocessing = 0;
			shellPath = /bin/sh;
			shellScript = "diff \"${PODS_PODFILE_DIR_PATH}/Podfile.lock\" \"${PODS_ROOT}/Manifest.lock\" > /dev/null\nif [ $? != 0 ] ; then\n    # print error to STDERR\n    echo \"error: The sandbox is not in sync with the Podfile.lock. Run 'pod install' or update your CocoaPods installation.\" >&2\n    exit 1\nfi\n# This output is used by Xcode 'outputs' to avoid re-running this script phase.\necho \"SUCCESS\" > \"${SCRIPT_OUTPUT_FILE_0}\"\n";
			showEnvVarsInLog = 0;
		};
/* End PBXShellScriptBuildPhase section */

/* Begin PBXSourcesBuildPhase section */
		3FCE40A02022B01100D18843 /* Sources */ = {
			isa = PBXSourcesBuildPhase;
			buildActionMask = 2147483647;
			files = (
				3FCE40C42022CB8B00D18843 /* LoginViewController.swift in Sources */,
				3FCE40BC2022B23100D18843 /* MenuTableViewController.swift in Sources */,
				3FCE40CC2022CEA000D18843 /* CartTableViewController.swift in Sources */,
				3F6A50E0202F9AC700ED0E26 /* ProfileViewController.swift in Sources */,
				3FCE40C62022CBB000D18843 /* SignUpViewController.swift in Sources */,
				3F6A50E2202F9AF200ED0E26 /* HomeViewController.swift in Sources */,
				3FCE40CE2022DAEE00D18843 /* CartTableViewCell.swift in Sources */,
				3F6A50E6203157C200ED0E26 /* Users.swift in Sources */,
				3F6A50DE202EF3B800ED0E26 /* CartViewController.swift in Sources */,
				3FCE40BE2022B2CB00D18843 /* Data.swift in Sources */,
				3FCE40C02022B7B000D18843 /* ItemDetailsViewController.swift in Sources */,
				DFDCFBF42075B95B00FACCDA /* FeedbackViewController.swift in Sources */,
				3FE214C22026722F002E9B6A /* DatabaseManager.swift in Sources */,
				3FCE40C22022BA1500D18843 /* MenuItemTableViewCell.swift in Sources */,
				3FCE40C82022CBD000D18843 /* CheckoutViewController.swift in Sources */,
				3FCE40A82022B01100D18843 /* AppDelegate.swift in Sources */,
			);
			runOnlyForDeploymentPostprocessing = 0;
		};
/* End PBXSourcesBuildPhase section */

/* Begin PBXVariantGroup section */
		3FCE40AD2022B01100D18843 /* Main.storyboard */ = {
			isa = PBXVariantGroup;
			children = (
				3FCE40AE2022B01100D18843 /* Base */,
			);
			name = Main.storyboard;
			sourceTree = "<group>";
		};
		3FCE40B22022B01100D18843 /* LaunchScreen.storyboard */ = {
			isa = PBXVariantGroup;
			children = (
				3FCE40B32022B01100D18843 /* Base */,
			);
			name = LaunchScreen.storyboard;
			sourceTree = "<group>";
		};
/* End PBXVariantGroup section */

/* Begin XCBuildConfiguration section */
		3FCE40B62022B01100D18843 /* Debug */ = {
			isa = XCBuildConfiguration;
			buildSettings = {
				ALWAYS_SEARCH_USER_PATHS = NO;
				CLANG_ANALYZER_NONNULL = YES;
				CLANG_ANALYZER_NUMBER_OBJECT_CONVERSION = YES_AGGRESSIVE;
				CLANG_CXX_LANGUAGE_STANDARD = "gnu++14";
				CLANG_CXX_LIBRARY = "libc++";
				CLANG_ENABLE_MODULES = YES;
				CLANG_ENABLE_OBJC_ARC = YES;
				CLANG_WARN_BLOCK_CAPTURE_AUTORELEASING = YES;
				CLANG_WARN_BOOL_CONVERSION = YES;
				CLANG_WARN_COMMA = YES;
				CLANG_WARN_CONSTANT_CONVERSION = YES;
				CLANG_WARN_DIRECT_OBJC_ISA_USAGE = YES_ERROR;
				CLANG_WARN_DOCUMENTATION_COMMENTS = YES;
				CLANG_WARN_EMPTY_BODY = YES;
				CLANG_WARN_ENUM_CONVERSION = YES;
				CLANG_WARN_INFINITE_RECURSION = YES;
				CLANG_WARN_INT_CONVERSION = YES;
				CLANG_WARN_NON_LITERAL_NULL_CONVERSION = YES;
				CLANG_WARN_OBJC_LITERAL_CONVERSION = YES;
				CLANG_WARN_OBJC_ROOT_CLASS = YES_ERROR;
				CLANG_WARN_RANGE_LOOP_ANALYSIS = YES;
				CLANG_WARN_STRICT_PROTOTYPES = YES;
				CLANG_WARN_SUSPICIOUS_MOVE = YES;
				CLANG_WARN_UNGUARDED_AVAILABILITY = YES_AGGRESSIVE;
				CLANG_WARN_UNREACHABLE_CODE = YES;
				CLANG_WARN__DUPLICATE_METHOD_MATCH = YES;
				CODE_SIGN_IDENTITY = "iPhone Developer";
				COPY_PHASE_STRIP = NO;
				DEBUG_INFORMATION_FORMAT = dwarf;
				ENABLE_STRICT_OBJC_MSGSEND = YES;
				ENABLE_TESTABILITY = YES;
				GCC_C_LANGUAGE_STANDARD = gnu11;
				GCC_DYNAMIC_NO_PIC = NO;
				GCC_NO_COMMON_BLOCKS = YES;
				GCC_OPTIMIZATION_LEVEL = 0;
				GCC_PREPROCESSOR_DEFINITIONS = (
					"DEBUG=1",
					"$(inherited)",
				);
				GCC_WARN_64_TO_32_BIT_CONVERSION = YES;
				GCC_WARN_ABOUT_RETURN_TYPE = YES_ERROR;
				GCC_WARN_UNDECLARED_SELECTOR = YES;
				GCC_WARN_UNINITIALIZED_AUTOS = YES_AGGRESSIVE;
				GCC_WARN_UNUSED_FUNCTION = YES;
				GCC_WARN_UNUSED_VARIABLE = YES;
				IPHONEOS_DEPLOYMENT_TARGET = 11.2;
				MTL_ENABLE_DEBUG_INFO = YES;
				ONLY_ACTIVE_ARCH = YES;
				SDKROOT = iphoneos;
				SWIFT_ACTIVE_COMPILATION_CONDITIONS = DEBUG;
				SWIFT_OPTIMIZATION_LEVEL = "-Onone";
			};
			name = Debug;
		};
		3FCE40B72022B01100D18843 /* Release */ = {
			isa = XCBuildConfiguration;
			buildSettings = {
				ALWAYS_SEARCH_USER_PATHS = NO;
				CLANG_ANALYZER_NONNULL = YES;
				CLANG_ANALYZER_NUMBER_OBJECT_CONVERSION = YES_AGGRESSIVE;
				CLANG_CXX_LANGUAGE_STANDARD = "gnu++14";
				CLANG_CXX_LIBRARY = "libc++";
				CLANG_ENABLE_MODULES = YES;
				CLANG_ENABLE_OBJC_ARC = YES;
				CLANG_WARN_BLOCK_CAPTURE_AUTORELEASING = YES;
				CLANG_WARN_BOOL_CONVERSION = YES;
				CLANG_WARN_COMMA = YES;
				CLANG_WARN_CONSTANT_CONVERSION = YES;
				CLANG_WARN_DIRECT_OBJC_ISA_USAGE = YES_ERROR;
				CLANG_WARN_DOCUMENTATION_COMMENTS = YES;
				CLANG_WARN_EMPTY_BODY = YES;
				CLANG_WARN_ENUM_CONVERSION = YES;
				CLANG_WARN_INFINITE_RECURSION = YES;
				CLANG_WARN_INT_CONVERSION = YES;
				CLANG_WARN_NON_LITERAL_NULL_CONVERSION = YES;
				CLANG_WARN_OBJC_LITERAL_CONVERSION = YES;
				CLANG_WARN_OBJC_ROOT_CLASS = YES_ERROR;
				CLANG_WARN_RANGE_LOOP_ANALYSIS = YES;
				CLANG_WARN_STRICT_PROTOTYPES = YES;
				CLANG_WARN_SUSPICIOUS_MOVE = YES;
				CLANG_WARN_UNGUARDED_AVAILABILITY = YES_AGGRESSIVE;
				CLANG_WARN_UNREACHABLE_CODE = YES;
				CLANG_WARN__DUPLICATE_METHOD_MATCH = YES;
				CODE_SIGN_IDENTITY = "iPhone Developer";
				COPY_PHASE_STRIP = NO;
				DEBUG_INFORMATION_FORMAT = "dwarf-with-dsym";
				ENABLE_NS_ASSERTIONS = NO;
				ENABLE_STRICT_OBJC_MSGSEND = YES;
				GCC_C_LANGUAGE_STANDARD = gnu11;
				GCC_NO_COMMON_BLOCKS = YES;
				GCC_WARN_64_TO_32_BIT_CONVERSION = YES;
				GCC_WARN_ABOUT_RETURN_TYPE = YES_ERROR;
				GCC_WARN_UNDECLARED_SELECTOR = YES;
				GCC_WARN_UNINITIALIZED_AUTOS = YES_AGGRESSIVE;
				GCC_WARN_UNUSED_FUNCTION = YES;
				GCC_WARN_UNUSED_VARIABLE = YES;
				IPHONEOS_DEPLOYMENT_TARGET = 11.2;
				MTL_ENABLE_DEBUG_INFO = NO;
				SDKROOT = iphoneos;
				SWIFT_OPTIMIZATION_LEVEL = "-Owholemodule";
				VALIDATE_PRODUCT = YES;
			};
			name = Release;
		};
		3FCE40B92022B01100D18843 /* Debug */ = {
			isa = XCBuildConfiguration;
			baseConfigurationReference = C6678B9D3428D8A5FC92C760 /* Pods-SimplySiamApplication.debug.xcconfig */;
			buildSettings = {
				ASSETCATALOG_COMPILER_APPICON_NAME = AppIcon;
				CODE_SIGN_STYLE = Automatic;
				DEVELOPMENT_TEAM = 4C64W48T4Y;
				ENABLE_BITCODE = NO;
				INFOPLIST_FILE = SimplySiamApplication/Info.plist;
				IPHONEOS_DEPLOYMENT_TARGET = 11.2;
				LD_RUNPATH_SEARCH_PATHS = "$(inherited) @executable_path/Frameworks";
				PRODUCT_BUNDLE_IDENTIFIER = SimplySiam;
				PRODUCT_NAME = "$(TARGET_NAME)";
				SWIFT_OBJC_BRIDGING_HEADER = "Pods/Backendless/SDK/ios/backendless/include/Backendless-Bridging-Header.h";
				SWIFT_VERSION = 4.0;
				TARGETED_DEVICE_FAMILY = "1,2";
			};
			name = Debug;
		};
		3FCE40BA2022B01100D18843 /* Release */ = {
			isa = XCBuildConfiguration;
			baseConfigurationReference = D24559B3C71D2129F9B360E6 /* Pods-SimplySiamApplication.release.xcconfig */;
			buildSettings = {
				ASSETCATALOG_COMPILER_APPICON_NAME = AppIcon;
				CODE_SIGN_STYLE = Automatic;
				DEVELOPMENT_TEAM = 4C64W48T4Y;
				ENABLE_BITCODE = NO;
				INFOPLIST_FILE = SimplySiamApplication/Info.plist;
				IPHONEOS_DEPLOYMENT_TARGET = 11.2;
				LD_RUNPATH_SEARCH_PATHS = "$(inherited) @executable_path/Frameworks";
				PRODUCT_BUNDLE_IDENTIFIER = SimplySiam;
				PRODUCT_NAME = "$(TARGET_NAME)";
				SWIFT_OBJC_BRIDGING_HEADER = "Pods/Backendless/SDK/ios/backendless/include/Backendless-Bridging-Header.h";
				SWIFT_VERSION = 4.0;
				TARGETED_DEVICE_FAMILY = "1,2";
			};
			name = Release;
		};
/* End XCBuildConfiguration section */

/* Begin XCConfigurationList section */
		3FCE409F2022B01100D18843 /* Build configuration list for PBXProject "SimplySiamApplication" */ = {
			isa = XCConfigurationList;
			buildConfigurations = (
				3FCE40B62022B01100D18843 /* Debug */,
				3FCE40B72022B01100D18843 /* Release */,
			);
			defaultConfigurationIsVisible = 0;
			defaultConfigurationName = Release;
		};
		3FCE40B82022B01100D18843 /* Build configuration list for PBXNativeTarget "SimplySiamApplication" */ = {
			isa = XCConfigurationList;
			buildConfigurations = (
				3FCE40B92022B01100D18843 /* Debug */,
				3FCE40BA2022B01100D18843 /* Release */,
			);
			defaultConfigurationIsVisible = 0;
			defaultConfigurationName = Release;
		};
/* End XCConfigurationList section */
	};
	rootObject = 3FCE409C2022B01100D18843 /* Project object */;
}
